// !$*UTF8*$!
{
	archiveVersion = 1;
	classes = {
	};
	objectVersion = 56;
	objects = {

/* Begin PBXBuildFile section */
		E93743F829AE1B5600CCD322 /* PhotosGrid.swift in Sources */ = {isa = PBXBuildFile; fileRef = E93743F729AE1B5600CCD322 /* PhotosGrid.swift */; };
		E999898229ACCBF0000B601F /* InstagramUIApp.swift in Sources */ = {isa = PBXBuildFile; fileRef = E999898129ACCBF0000B601F /* InstagramUIApp.swift */; };
		E999898429ACCBF0000B601F /* ContentView.swift in Sources */ = {isa = PBXBuildFile; fileRef = E999898329ACCBF0000B601F /* ContentView.swift */; };
		E999898629ACCBF1000B601F /* Assets.xcassets in Resources */ = {isa = PBXBuildFile; fileRef = E999898529ACCBF1000B601F /* Assets.xcassets */; };
		E999898929ACCBF1000B601F /* Preview Assets.xcassets in Resources */ = {isa = PBXBuildFile; fileRef = E999898829ACCBF1000B601F /* Preview Assets.xcassets */; };
		E999899129ACCD4B000B601F /* Header.swift in Sources */ = {isa = PBXBuildFile; fileRef = E999899029ACCD4B000B601F /* Header.swift */; };
		E999899529ACD1F5000B601F /* StoryEntry.swift in Sources */ = {isa = PBXBuildFile; fileRef = E999899429ACD1F5000B601F /* StoryEntry.swift */; };
		E999899729ACD57D000B601F /* Post.swift in Sources */ = {isa = PBXBuildFile; fileRef = E999899629ACD57D000B601F /* Post.swift */; };
		E999899929ACD703000B601F /* PostHeader.swift in Sources */ = {isa = PBXBuildFile; fileRef = E999899829ACD703000B601F /* PostHeader.swift */; };
		E999899B29ACD75D000B601F /* PostButtons.swift in Sources */ = {isa = PBXBuildFile; fileRef = E999899A29ACD75D000B601F /* PostButtons.swift */; };
		E999899D29ACDCB4000B601F /* PostFooter.swift in Sources */ = {isa = PBXBuildFile; fileRef = E999899C29ACDCB4000B601F /* PostFooter.swift */; };
		E999899F29ACEC5F000B601F /* TabBar.swift in Sources */ = {isa = PBXBuildFile; fileRef = E999899E29ACEC5F000B601F /* TabBar.swift */; };
		E99989A229ACF0E8000B601F /* HomeView.swift in Sources */ = {isa = PBXBuildFile; fileRef = E99989A129ACF0E8000B601F /* HomeView.swift */; };
		E99989A429ACF6F8000B601F /* AddComment.swift in Sources */ = {isa = PBXBuildFile; fileRef = E99989A329ACF6F8000B601F /* AddComment.swift */; };
		E99989A629ACF922000B601F /* Stories.swift in Sources */ = {isa = PBXBuildFile; fileRef = E99989A529ACF922000B601F /* Stories.swift */; };
		E99989A829ACFE40000B601F /* ProfileView.swift in Sources */ = {isa = PBXBuildFile; fileRef = E99989A729ACFE40000B601F /* ProfileView.swift */; };
		E99989AA29AD0220000B601F /* ProfileStats.swift in Sources */ = {isa = PBXBuildFile; fileRef = E99989A929AD0220000B601F /* ProfileStats.swift */; };
		E99989AC29AD0533000B601F /* ProfileDescription.swift in Sources */ = {isa = PBXBuildFile; fileRef = E99989AB29AD0533000B601F /* ProfileDescription.swift */; };
		E99989AE29AD06AB000B601F /* ProfileButtons.swift in Sources */ = {isa = PBXBuildFile; fileRef = E99989AD29AD06AB000B601F /* ProfileButtons.swift */; };
/* End PBXBuildFile section */

/* Begin PBXFileReference section */
		E93743F729AE1B5600CCD322 /* PhotosGrid.swift */ = {isa = PBXFileReference; lastKnownFileType = sourcecode.swift; path = PhotosGrid.swift; sourceTree = "<group>"; };
		E999897E29ACCBF0000B601F /* InstagramUI.app */ = {isa = PBXFileReference; explicitFileType = wrapper.application; includeInIndex = 0; path = InstagramUI.app; sourceTree = BUILT_PRODUCTS_DIR; };
		E999898129ACCBF0000B601F /* InstagramUIApp.swift */ = {isa = PBXFileReference; lastKnownFileType = sourcecode.swift; path = InstagramUIApp.swift; sourceTree = "<group>"; };
		E999898329ACCBF0000B601F /* ContentView.swift */ = {isa = PBXFileReference; lastKnownFileType = sourcecode.swift; path = ContentView.swift; sourceTree = "<group>"; };
		E999898529ACCBF1000B601F /* Assets.xcassets */ = {isa = PBXFileReference; lastKnownFileType = folder.assetcatalog; path = Assets.xcassets; sourceTree = "<group>"; };
		E999898829ACCBF1000B601F /* Preview Assets.xcassets */ = {isa = PBXFileReference; lastKnownFileType = folder.assetcatalog; path = "Preview Assets.xcassets"; sourceTree = "<group>"; };
		E999899029ACCD4B000B601F /* Header.swift */ = {isa = PBXFileReference; lastKnownFileType = sourcecode.swift; path = Header.swift; sourceTree = "<group>"; };
		E999899429ACD1F5000B601F /* StoryEntry.swift */ = {isa = PBXFileReference; lastKnownFileType = sourcecode.swift; path = StoryEntry.swift; sourceTree = "<group>"; };
		E999899629ACD57D000B601F /* Post.swift */ = {isa = PBXFileReference; lastKnownFileType = sourcecode.swift; path = Post.swift; sourceTree = "<group>"; };
		E999899829ACD703000B601F /* PostHeader.swift */ = {isa = PBXFileReference; lastKnownFileType = sourcecode.swift; path = PostHeader.swift; sourceTree = "<group>"; };
		E999899A29ACD75D000B601F /* PostButtons.swift */ = {isa = PBXFileReference; lastKnownFileType = sourcecode.swift; path = PostButtons.swift; sourceTree = "<group>"; };
		E999899C29ACDCB4000B601F /* PostFooter.swift */ = {isa = PBXFileReference; lastKnownFileType = sourcecode.swift; path = PostFooter.swift; sourceTree = "<group>"; };
		E999899E29ACEC5F000B601F /* TabBar.swift */ = {isa = PBXFileReference; lastKnownFileType = sourcecode.swift; path = TabBar.swift; sourceTree = "<group>"; };
		E99989A129ACF0E8000B601F /* HomeView.swift */ = {isa = PBXFileReference; lastKnownFileType = sourcecode.swift; path = HomeView.swift; sourceTree = "<group>"; };
		E99989A329ACF6F8000B601F /* AddComment.swift */ = {isa = PBXFileReference; lastKnownFileType = sourcecode.swift; path = AddComment.swift; sourceTree = "<group>"; };
		E99989A529ACF922000B601F /* Stories.swift */ = {isa = PBXFileReference; lastKnownFileType = sourcecode.swift; path = Stories.swift; sourceTree = "<group>"; };
		E99989A729ACFE40000B601F /* ProfileView.swift */ = {isa = PBXFileReference; lastKnownFileType = sourcecode.swift; path = ProfileView.swift; sourceTree = "<group>"; };
		E99989A929AD0220000B601F /* ProfileStats.swift */ = {isa = PBXFileReference; lastKnownFileType = sourcecode.swift; path = ProfileStats.swift; sourceTree = "<group>"; };
		E99989AB29AD0533000B601F /* ProfileDescription.swift */ = {isa = PBXFileReference; lastKnownFileType = sourcecode.swift; path = ProfileDescription.swift; sourceTree = "<group>"; };
		E99989AD29AD06AB000B601F /* ProfileButtons.swift */ = {isa = PBXFileReference; lastKnownFileType = sourcecode.swift; path = ProfileButtons.swift; sourceTree = "<group>"; };
/* End PBXFileReference section */

/* Begin PBXFrameworksBuildPhase section */
		E999897B29ACCBF0000B601F /* Frameworks */ = {
			isa = PBXFrameworksBuildPhase;
			buildActionMask = 2147483647;
			files = (
			);
			runOnlyForDeploymentPostprocessing = 0;
		};
/* End PBXFrameworksBuildPhase section */

/* Begin PBXGroup section */
		E999897529ACCBF0000B601F = {
			isa = PBXGroup;
			children = (
				E999898029ACCBF0000B601F /* InstagramUI */,
				E999897F29ACCBF0000B601F /* Products */,
			);
			sourceTree = "<group>";
		};
		E999897F29ACCBF0000B601F /* Products */ = {
			isa = PBXGroup;
			children = (
				E999897E29ACCBF0000B601F /* InstagramUI.app */,
			);
			name = Products;
			sourceTree = "<group>";
		};
		E999898029ACCBF0000B601F /* InstagramUI */ = {
			isa = PBXGroup;
			children = (
				E99989A029ACF0E0000B601F /* Views */,
				E999898F29ACCCE6000B601F /* Components */,
				E999898129ACCBF0000B601F /* InstagramUIApp.swift */,
				E999898329ACCBF0000B601F /* ContentView.swift */,
				E999898529ACCBF1000B601F /* Assets.xcassets */,
				E999898729ACCBF1000B601F /* Preview Content */,
			);
			path = InstagramUI;
			sourceTree = "<group>";
		};
		E999898729ACCBF1000B601F /* Preview Content */ = {
			isa = PBXGroup;
			children = (
				E999898829ACCBF1000B601F /* Preview Assets.xcassets */,
			);
			path = "Preview Content";
			sourceTree = "<group>";
		};
		E999898F29ACCCE6000B601F /* Components */ = {
			isa = PBXGroup;
			children = (
				E999899029ACCD4B000B601F /* Header.swift */,
				E999899429ACD1F5000B601F /* StoryEntry.swift */,
				E999899629ACD57D000B601F /* Post.swift */,
				E999899829ACD703000B601F /* PostHeader.swift */,
				E999899A29ACD75D000B601F /* PostButtons.swift */,
				E999899C29ACDCB4000B601F /* PostFooter.swift */,
				E999899E29ACEC5F000B601F /* TabBar.swift */,
				E99989A329ACF6F8000B601F /* AddComment.swift */,
				E99989A529ACF922000B601F /* Stories.swift */,
				E99989A929AD0220000B601F /* ProfileStats.swift */,
				E99989AB29AD0533000B601F /* ProfileDescription.swift */,
				E99989AD29AD06AB000B601F /* ProfileButtons.swift */,
				E93743F729AE1B5600CCD322 /* PhotosGrid.swift */,
			);
			path = Components;
			sourceTree = "<group>";
		};
		E99989A029ACF0E0000B601F /* Views */ = {
			isa = PBXGroup;
			children = (
				E99989A129ACF0E8000B601F /* HomeView.swift */,
				E99989A729ACFE40000B601F /* ProfileView.swift */,
			);
			path = Views;
			sourceTree = "<group>";
		};
/* End PBXGroup section */

/* Begin PBXNativeTarget section */
		E999897D29ACCBF0000B601F /* InstagramUI */ = {
			isa = PBXNativeTarget;
			buildConfigurationList = E999898C29ACCBF1000B601F /* Build configuration list for PBXNativeTarget "InstagramUI" */;
			buildPhases = (
				E999897A29ACCBF0000B601F /* Sources */,
				E999897B29ACCBF0000B601F /* Frameworks */,
				E999897C29ACCBF0000B601F /* Resources */,
			);
			buildRules = (
			);
			dependencies = (
			);
			name = InstagramUI;
			productName = InstagramUI;
			productReference = E999897E29ACCBF0000B601F /* InstagramUI.app */;
			productType = "com.apple.product-type.application";
		};
/* End PBXNativeTarget section */

/* Begin PBXProject section */
		E999897629ACCBF0000B601F /* Project object */ = {
			isa = PBXProject;
			attributes = {
				BuildIndependentTargetsInParallel = 1;
				LastSwiftUpdateCheck = 1420;
				LastUpgradeCheck = 1420;
				TargetAttributes = {
					E999897D29ACCBF0000B601F = {
						CreatedOnToolsVersion = 14.2;
					};
				};
			};
			buildConfigurationList = E999897929ACCBF0000B601F /* Build configuration list for PBXProject "InstagramUI" */;
			compatibilityVersion = "Xcode 14.0";
			developmentRegion = en;
			hasScannedForEncodings = 0;
			knownRegions = (
				en,
				Base,
			);
			mainGroup = E999897529ACCBF0000B601F;
			productRefGroup = E999897F29ACCBF0000B601F /* Products */;
			projectDirPath = "";
			projectRoot = "";
			targets = (
				E999897D29ACCBF0000B601F /* InstagramUI */,
			);
		};
/* End PBXProject section */

/* Begin PBXResourcesBuildPhase section */
		E999897C29ACCBF0000B601F /* Resources */ = {
			isa = PBXResourcesBuildPhase;
			buildActionMask = 2147483647;
			files = (
				E999898929ACCBF1000B601F /* Preview Assets.xcassets in Resources */,
				E999898629ACCBF1000B601F /* Assets.xcassets in Resources */,
			);
			runOnlyForDeploymentPostprocessing = 0;
		};
/* End PBXResourcesBuildPhase section */

/* Begin PBXSourcesBuildPhase section */
		E999897A29ACCBF0000B601F /* Sources */ = {
			isa = PBXSourcesBuildPhase;
			buildActionMask = 2147483647;
			files = (
				E999898429ACCBF0000B601F /* ContentView.swift in Sources */,
				E99989AE29AD06AB000B601F /* ProfileButtons.swift in Sources */,
				E99989AA29AD0220000B601F /* ProfileStats.swift in Sources */,
				E99989A629ACF922000B601F /* Stories.swift in Sources */,
				E999899B29ACD75D000B601F /* PostButtons.swift in Sources */,
				E999899129ACCD4B000B601F /* Header.swift in Sources */,
				E999898229ACCBF0000B601F /* InstagramUIApp.swift in Sources */,
				E999899D29ACDCB4000B601F /* PostFooter.swift in Sources */,
				E99989A229ACF0E8000B601F /* HomeView.swift in Sources */,
				E99989AC29AD0533000B601F /* ProfileDescription.swift in Sources */,
				E93743F829AE1B5600CCD322 /* PhotosGrid.swift in Sources */,
				E999899729ACD57D000B601F /* Post.swift in Sources */,
				E99989A429ACF6F8000B601F /* AddComment.swift in Sources */,
				E999899529ACD1F5000B601F /* StoryEntry.swift in Sources */,
				E999899929ACD703000B601F /* PostHeader.swift in Sources */,
				E99989A829ACFE40000B601F /* ProfileView.swift in Sources */,
				E999899F29ACEC5F000B601F /* TabBar.swift in Sources */,
			);
			runOnlyForDeploymentPostprocessing = 0;
		};
/* End PBXSourcesBuildPhase section */

/* Begin XCBuildConfiguration section */
		E999898A29ACCBF1000B601F /* Debug */ = {
			isa = XCBuildConfiguration;
			buildSettings = {
				ALWAYS_SEARCH_USER_PATHS = NO;
				CLANG_ANALYZER_NONNULL = YES;
				CLANG_ANALYZER_NUMBER_OBJECT_CONVERSION = YES_AGGRESSIVE;
				CLANG_CXX_LANGUAGE_STANDARD = "gnu++20";
				CLANG_ENABLE_MODULES = YES;
				CLANG_ENABLE_OBJC_ARC = YES;
				CLANG_ENABLE_OBJC_WEAK = YES;
				CLANG_WARN_BLOCK_CAPTURE_AUTORELEASING = YES;
				CLANG_WARN_BOOL_CONVERSION = YES;
				CLANG_WARN_COMMA = YES;
				CLANG_WARN_CONSTANT_CONVERSION = YES;
				CLANG_WARN_DEPRECATED_OBJC_IMPLEMENTATIONS = YES;
				CLANG_WARN_DIRECT_OBJC_ISA_USAGE = YES_ERROR;
				CLANG_WARN_DOCUMENTATION_COMMENTS = YES;
				CLANG_WARN_EMPTY_BODY = YES;
				CLANG_WARN_ENUM_CONVERSION = YES;
				CLANG_WARN_INFINITE_RECURSION = YES;
				CLANG_WARN_INT_CONVERSION = YES;
				CLANG_WARN_NON_LITERAL_NULL_CONVERSION = YES;
				CLANG_WARN_OBJC_IMPLICIT_RETAIN_SELF = YES;
				CLANG_WARN_OBJC_LITERAL_CONVERSION = YES;
				CLANG_WARN_OBJC_ROOT_CLASS = YES_ERROR;
				CLANG_WARN_QUOTED_INCLUDE_IN_FRAMEWORK_HEADER = YES;
				CLANG_WARN_RANGE_LOOP_ANALYSIS = YES;
				CLANG_WARN_STRICT_PROTOTYPES = YES;
				CLANG_WARN_SUSPICIOUS_MOVE = YES;
				CLANG_WARN_UNGUARDED_AVAILABILITY = YES_AGGRESSIVE;
				CLANG_WARN_UNREACHABLE_CODE = YES;
				CLANG_WARN__DUPLICATE_METHOD_MATCH = YES;
				COPY_PHASE_STRIP = NO;
				DEBUG_INFORMATION_FORMAT = dwarf;
				ENABLE_STRICT_OBJC_MSGSEND = YES;
				ENABLE_TESTABILITY = YES;
				GCC_C_LANGUAGE_STANDARD = gnu11;
				GCC_DYNAMIC_NO_PIC = NO;
				GCC_NO_COMMON_BLOCKS = YES;
				GCC_OPTIMIZATION_LEVEL = 0;
				GCC_PREPROCESSOR_DEFINITIONS = (
					"DEBUG=1",
					"$(inherited)",
				);
				GCC_WARN_64_TO_32_BIT_CONVERSION = YES;
				GCC_WARN_ABOUT_RETURN_TYPE = YES_ERROR;
				GCC_WARN_UNDECLARED_SELECTOR = YES;
				GCC_WARN_UNINITIALIZED_AUTOS = YES_AGGRESSIVE;
				GCC_WARN_UNUSED_FUNCTION = YES;
				GCC_WARN_UNUSED_VARIABLE = YES;
				IPHONEOS_DEPLOYMENT_TARGET = 16.2;
				MTL_ENABLE_DEBUG_INFO = INCLUDE_SOURCE;
				MTL_FAST_MATH = YES;
				ONLY_ACTIVE_ARCH = YES;
				SDKROOT = iphoneos;
				SWIFT_ACTIVE_COMPILATION_CONDITIONS = DEBUG;
				SWIFT_OPTIMIZATION_LEVEL = "-Onone";
			};
			name = Debug;
		};
		E999898B29ACCBF1000B601F /* Release */ = {
			isa = XCBuildConfiguration;
			buildSettings = {
				ALWAYS_SEARCH_USER_PATHS = NO;
				CLANG_ANALYZER_NONNULL = YES;
				CLANG_ANALYZER_NUMBER_OBJECT_CONVERSION = YES_AGGRESSIVE;
				CLANG_CXX_LANGUAGE_STANDARD = "gnu++20";
				CLANG_ENABLE_MODULES = YES;
				CLANG_ENABLE_OBJC_ARC = YES;
				CLANG_ENABLE_OBJC_WEAK = YES;
				CLANG_WARN_BLOCK_CAPTURE_AUTORELEASING = YES;
				CLANG_WARN_BOOL_CONVERSION = YES;
				CLANG_WARN_COMMA = YES;
				CLANG_WARN_CONSTANT_CONVERSION = YES;
				CLANG_WARN_DEPRECATED_OBJC_IMPLEMENTATIONS = YES;
				CLANG_WARN_DIRECT_OBJC_ISA_USAGE = YES_ERROR;
				CLANG_WARN_DOCUMENTATION_COMMENTS = YES;
				CLANG_WARN_EMPTY_BODY = YES;
				CLANG_WARN_ENUM_CONVERSION = YES;
				CLANG_WARN_INFINITE_RECURSION = YES;
				CLANG_WARN_INT_CONVERSION = YES;
				CLANG_WARN_NON_LITERAL_NULL_CONVERSION = YES;
				CLANG_WARN_OBJC_IMPLICIT_RETAIN_SELF = YES;
				CLANG_WARN_OBJC_LITERAL_CONVERSION = YES;
				CLANG_WARN_OBJC_ROOT_CLASS = YES_ERROR;
				CLANG_WARN_QUOTED_INCLUDE_IN_FRAMEWORK_HEADER = YES;
				CLANG_WARN_RANGE_LOOP_ANALYSIS = YES;
				CLANG_WARN_STRICT_PROTOTYPES = YES;
				CLANG_WARN_SUSPICIOUS_MOVE = YES;
				CLANG_WARN_UNGUARDED_AVAILABILITY = YES_AGGRESSIVE;
				CLANG_WARN_UNREACHABLE_CODE = YES;
				CLANG_WARN__DUPLICATE_METHOD_MATCH = YES;
				COPY_PHASE_STRIP = NO;
				DEBUG_INFORMATION_FORMAT = "dwarf-with-dsym";
				ENABLE_NS_ASSERTIONS = NO;
				ENABLE_STRICT_OBJC_MSGSEND = YES;
				GCC_C_LANGUAGE_STANDARD = gnu11;
				GCC_NO_COMMON_BLOCKS = YES;
				GCC_WARN_64_TO_32_BIT_CONVERSION = YES;
				GCC_WARN_ABOUT_RETURN_TYPE = YES_ERROR;
				GCC_WARN_UNDECLARED_SELECTOR = YES;
				GCC_WARN_UNINITIALIZED_AUTOS = YES_AGGRESSIVE;
				GCC_WARN_UNUSED_FUNCTION = YES;
				GCC_WARN_UNUSED_VARIABLE = YES;
				IPHONEOS_DEPLOYMENT_TARGET = 16.2;
				MTL_ENABLE_DEBUG_INFO = NO;
				MTL_FAST_MATH = YES;
				SDKROOT = iphoneos;
				SWIFT_COMPILATION_MODE = wholemodule;
				SWIFT_OPTIMIZATION_LEVEL = "-O";
				VALIDATE_PRODUCT = YES;
			};
			name = Release;
		};
		E999898D29ACCBF1000B601F /* Debug */ = {
			isa = XCBuildConfiguration;
			buildSettings = {
				ASSETCATALOG_COMPILER_APPICON_NAME = AppIcon;
				ASSETCATALOG_COMPILER_GLOBAL_ACCENT_COLOR_NAME = AccentColor;
				CODE_SIGN_STYLE = Automatic;
				CURRENT_PROJECT_VERSION = 1;
				DEVELOPMENT_ASSET_PATHS = "\"InstagramUI/Preview Content\"";
				DEVELOPMENT_TEAM = 4Q8A93T347;
				ENABLE_PREVIEWS = YES;
				GENERATE_INFOPLIST_FILE = YES;
				INFOPLIST_KEY_UIApplicationSceneManifest_Generation = YES;
				INFOPLIST_KEY_UIApplicationSupportsIndirectInputEvents = YES;
				INFOPLIST_KEY_UILaunchScreen_Generation = YES;
				INFOPLIST_KEY_UISupportedInterfaceOrientations_iPad = "UIInterfaceOrientationPortrait UIInterfaceOrientationPortraitUpsideDown UIInterfaceOrientationLandscapeLeft UIInterfaceOrientationLandscapeRight";
				INFOPLIST_KEY_UISupportedInterfaceOrientations_iPhone = "UIInterfaceOrientationPortrait UIInterfaceOrientationLandscapeLeft UIInterfaceOrientationLandscapeRight";
				LD_RUNPATH_SEARCH_PATHS = (
					"$(inherited)",
					"@executable_path/Frameworks",
				);
				MARKETING_VERSION = 1.0;
				PRODUCT_BUNDLE_IDENTIFIER = me.wojtkowiak.bartosz.InstagramUI;
				PRODUCT_NAME = "$(TARGET_NAME)";
				SWIFT_EMIT_LOC_STRINGS = YES;
				SWIFT_VERSION = 5.0;
				TARGETED_DEVICE_FAMILY = "1,2";
			};
			name = Debug;
		};
		E999898E29ACCBF1000B601F /* Release */ = {
			isa = XCBuildConfiguration;
			buildSettings = {
				ASSETCATALOG_COMPILER_APPICON_NAME = AppIcon;
				ASSETCATALOG_COMPILER_GLOBAL_ACCENT_COLOR_NAME = AccentColor;
				CODE_SIGN_STYLE = Automatic;
				CURRENT_PROJECT_VERSION = 1;
				DEVELOPMENT_ASSET_PATHS = "\"InstagramUI/Preview Content\"";
				DEVELOPMENT_TEAM = 4Q8A93T347;
				ENABLE_PREVIEWS = YES;
				GENERATE_INFOPLIST_FILE = YES;
				INFOPLIST_KEY_UIApplicationSceneManifest_Generation = YES;
				INFOPLIST_KEY_UIApplicationSupportsIndirectInputEvents = YES;
				INFOPLIST_KEY_UILaunchScreen_Generation = YES;
				INFOPLIST_KEY_UISupportedInterfaceOrientations_iPad = "UIInterfaceOrientationPortrait UIInterfaceOrientationPortraitUpsideDown UIInterfaceOrientationLandscapeLeft UIInterfaceOrientationLandscapeRight";
				INFOPLIST_KEY_UISupportedInterfaceOrientations_iPhone = "UIInterfaceOrientationPortrait UIInterfaceOrientationLandscapeLeft UIInterfaceOrientationLandscapeRight";
				LD_RUNPATH_SEARCH_PATHS = (
					"$(inherited)",
					"@executable_path/Frameworks",
				);
				MARKETING_VERSION = 1.0;
				PRODUCT_BUNDLE_IDENTIFIER = me.wojtkowiak.bartosz.InstagramUI;
				PRODUCT_NAME = "$(TARGET_NAME)";
				SWIFT_EMIT_LOC_STRINGS = YES;
				SWIFT_VERSION = 5.0;
				TARGETED_DEVICE_FAMILY = "1,2";
			};
			name = Release;
		};
/* End XCBuildConfiguration section */

/* Begin XCConfigurationList section */
		E999897929ACCBF0000B601F /* Build configuration list for PBXProject "InstagramUI" */ = {
			isa = XCConfigurationList;
			buildConfigurations = (
				E999898A29ACCBF1000B601F /* Debug */,
				E999898B29ACCBF1000B601F /* Release */,
			);
			defaultConfigurationIsVisible = 0;
			defaultConfigurationName = Release;
		};
		E999898C29ACCBF1000B601F /* Build configuration list for PBXNativeTarget "InstagramUI" */ = {
			isa = XCConfigurationList;
			buildConfigurations = (
				E999898D29ACCBF1000B601F /* Debug */,
				E999898E29ACCBF1000B601F /* Release */,
			);
			defaultConfigurationIsVisible = 0;
			defaultConfigurationName = Release;
		};
/* End XCConfigurationList section */
	};
	rootObject = E999897629ACCBF0000B601F /* Project object */;
}
